// !$*UTF8*$!
{
	archiveVersion = 1;
	classes = {
	};
	objectVersion = 48;
	objects = {

/* Begin PBXBuildFile section */
		A510E4961F30C889001BCBBD /* JsonExampleTwoTVC.swift in Sources */ = {isa = PBXBuildFile; fileRef = A510E4951F30C889001BCBBD /* JsonExampleTwoTVC.swift */; };
		A510E4981F30CCD1001BCBBD /* JsonExampleThreeTVC.swift in Sources */ = {isa = PBXBuildFile; fileRef = A510E4971F30CCD1001BCBBD /* JsonExampleThreeTVC.swift */; };
		A510E49A1F30CD41001BCBBD /* JsonExampleThree.swift in Sources */ = {isa = PBXBuildFile; fileRef = A510E4991F30CD41001BCBBD /* JsonExampleThree.swift */; };
		A5195B8F1F2C81C600922BBB /* AppDelegate.swift in Sources */ = {isa = PBXBuildFile; fileRef = A5195B8E1F2C81C600922BBB /* AppDelegate.swift */; };
		A5195B961F2C81C600922BBB /* Assets.xcassets in Resources */ = {isa = PBXBuildFile; fileRef = A5195B951F2C81C600922BBB /* Assets.xcassets */; };
		A5195B991F2C81C600922BBB /* LaunchScreen.storyboard in Resources */ = {isa = PBXBuildFile; fileRef = A5195B971F2C81C600922BBB /* LaunchScreen.storyboard */; };
		A5195BA11F2C821900922BBB /* Main.storyboard in Resources */ = {isa = PBXBuildFile; fileRef = A5195BA01F2C821900922BBB /* Main.storyboard */; };
		A5195BA81F2C829100922BBB /* MainVC.swift in Sources */ = {isa = PBXBuildFile; fileRef = A5195BA71F2C829100922BBB /* MainVC.swift */; };
		A5195BAA1F2C83B100922BBB /* Constants.swift in Sources */ = {isa = PBXBuildFile; fileRef = A5195BA91F2C83B100922BBB /* Constants.swift */; };
		A5195BAC1F2C84FB00922BBB /* JsonExampleOne.swift in Sources */ = {isa = PBXBuildFile; fileRef = A5195BAB1F2C84FB00922BBB /* JsonExampleOne.swift */; };
		A5195BAE1F2C878000922BBB /* JsonExampleOnTVC.swift in Sources */ = {isa = PBXBuildFile; fileRef = A5195BAD1F2C878000922BBB /* JsonExampleOnTVC.swift */; };
		A52504031F335B2A00D7CCB0 /* Video.swift in Sources */ = {isa = PBXBuildFile; fileRef = A52504021F335B2A00D7CCB0 /* Video.swift */; };
		A52504051F335C3F00D7CCB0 /* Download.swift in Sources */ = {isa = PBXBuildFile; fileRef = A52504041F335C3F00D7CCB0 /* Download.swift */; };
		A52504071F335D4C00D7CCB0 /* DownloadService.swift in Sources */ = {isa = PBXBuildFile; fileRef = A52504061F335D4C00D7CCB0 /* DownloadService.swift */; };
		A52504091F335F8200D7CCB0 /* MovieVC+URLSessionDelegate.swift in Sources */ = {isa = PBXBuildFile; fileRef = A52504081F335F8200D7CCB0 /* MovieVC+URLSessionDelegate.swift */; };
		A547826D1F31030F00EF4258 /* JsonMovieTVC.swift in Sources */ = {isa = PBXBuildFile; fileRef = A547826C1F31030F00EF4258 /* JsonMovieTVC.swift */; };
		A547826F1F31039F00EF4258 /* Movie.swift in Sources */ = {isa = PBXBuildFile; fileRef = A547826E1F31039F00EF4258 /* Movie.swift */; };
		A54782711F310A2900EF4258 /* Asset.swift in Sources */ = {isa = PBXBuildFile; fileRef = A54782701F310A2900EF4258 /* Asset.swift */; };
		A54782731F31117700EF4258 /* MovieVC.swift in Sources */ = {isa = PBXBuildFile; fileRef = A54782721F31117700EF4258 /* MovieVC.swift */; };
/* End PBXBuildFile section */

/* Begin PBXFileReference section */
		A510E4951F30C889001BCBBD /* JsonExampleTwoTVC.swift */ = {isa = PBXFileReference; lastKnownFileType = sourcecode.swift; path = JsonExampleTwoTVC.swift; sourceTree = "<group>"; };
		A510E4971F30CCD1001BCBBD /* JsonExampleThreeTVC.swift */ = {isa = PBXFileReference; lastKnownFileType = sourcecode.swift; path = JsonExampleThreeTVC.swift; sourceTree = "<group>"; };
		A510E4991F30CD41001BCBBD /* JsonExampleThree.swift */ = {isa = PBXFileReference; lastKnownFileType = sourcecode.swift; path = JsonExampleThree.swift; sourceTree = "<group>"; };
		A5195B8B1F2C81C600922BBB /* JsonWithSwift4.app */ = {isa = PBXFileReference; explicitFileType = wrapper.application; includeInIndex = 0; path = JsonWithSwift4.app; sourceTree = BUILT_PRODUCTS_DIR; };
		A5195B8E1F2C81C600922BBB /* AppDelegate.swift */ = {isa = PBXFileReference; lastKnownFileType = sourcecode.swift; path = AppDelegate.swift; sourceTree = "<group>"; };
		A5195B951F2C81C600922BBB /* Assets.xcassets */ = {isa = PBXFileReference; lastKnownFileType = folder.assetcatalog; path = Assets.xcassets; sourceTree = "<group>"; };
		A5195B981F2C81C600922BBB /* Base */ = {isa = PBXFileReference; lastKnownFileType = file.storyboard; name = Base; path = Base.lproj/LaunchScreen.storyboard; sourceTree = "<group>"; };
		A5195B9A1F2C81C600922BBB /* Info.plist */ = {isa = PBXFileReference; lastKnownFileType = text.plist.xml; path = Info.plist; sourceTree = "<group>"; };
		A5195BA01F2C821900922BBB /* Main.storyboard */ = {isa = PBXFileReference; lastKnownFileType = file.storyboard; path = Main.storyboard; sourceTree = "<group>"; };
		A5195BA71F2C829100922BBB /* MainVC.swift */ = {isa = PBXFileReference; lastKnownFileType = sourcecode.swift; path = MainVC.swift; sourceTree = "<group>"; };
		A5195BA91F2C83B100922BBB /* Constants.swift */ = {isa = PBXFileReference; lastKnownFileType = sourcecode.swift; path = Constants.swift; sourceTree = "<group>"; };
		A5195BAB1F2C84FB00922BBB /* JsonExampleOne.swift */ = {isa = PBXFileReference; lastKnownFileType = sourcecode.swift; path = JsonExampleOne.swift; sourceTree = "<group>"; };
		A5195BAD1F2C878000922BBB /* JsonExampleOnTVC.swift */ = {isa = PBXFileReference; lastKnownFileType = sourcecode.swift; path = JsonExampleOnTVC.swift; sourceTree = "<group>"; };
		A52504021F335B2A00D7CCB0 /* Video.swift */ = {isa = PBXFileReference; lastKnownFileType = sourcecode.swift; path = Video.swift; sourceTree = "<group>"; };
		A52504041F335C3F00D7CCB0 /* Download.swift */ = {isa = PBXFileReference; lastKnownFileType = sourcecode.swift; path = Download.swift; sourceTree = "<group>"; };
		A52504061F335D4C00D7CCB0 /* DownloadService.swift */ = {isa = PBXFileReference; lastKnownFileType = sourcecode.swift; path = DownloadService.swift; sourceTree = "<group>"; };
		A52504081F335F8200D7CCB0 /* MovieVC+URLSessionDelegate.swift */ = {isa = PBXFileReference; lastKnownFileType = sourcecode.swift; path = "MovieVC+URLSessionDelegate.swift"; sourceTree = "<group>"; };
		A547826C1F31030F00EF4258 /* JsonMovieTVC.swift */ = {isa = PBXFileReference; lastKnownFileType = sourcecode.swift; path = JsonMovieTVC.swift; sourceTree = "<group>"; };
		A547826E1F31039F00EF4258 /* Movie.swift */ = {isa = PBXFileReference; lastKnownFileType = sourcecode.swift; path = Movie.swift; sourceTree = "<group>"; };
		A54782701F310A2900EF4258 /* Asset.swift */ = {isa = PBXFileReference; lastKnownFileType = sourcecode.swift; path = Asset.swift; sourceTree = "<group>"; };
		A54782721F31117700EF4258 /* MovieVC.swift */ = {isa = PBXFileReference; lastKnownFileType = sourcecode.swift; path = MovieVC.swift; sourceTree = "<group>"; };
/* End PBXFileReference section */

/* Begin PBXFrameworksBuildPhase section */
		A5195B881F2C81C600922BBB /* Frameworks */ = {
			isa = PBXFrameworksBuildPhase;
			buildActionMask = 2147483647;
			files = (
			);
			runOnlyForDeploymentPostprocessing = 0;
		};
/* End PBXFrameworksBuildPhase section */

/* Begin PBXGroup section */
		A5195B821F2C81C600922BBB = {
			isa = PBXGroup;
			children = (
				A5195B8D1F2C81C600922BBB /* JsonWithSwift4 */,
				A5195B8C1F2C81C600922BBB /* Products */,
			);
			sourceTree = "<group>";
		};
		A5195B8C1F2C81C600922BBB /* Products */ = {
			isa = PBXGroup;
			children = (
				A5195B8B1F2C81C600922BBB /* JsonWithSwift4.app */,
			);
			name = Products;
			sourceTree = "<group>";
		};
		A5195B8D1F2C81C600922BBB /* JsonWithSwift4 */ = {
			isa = PBXGroup;
			children = (
				A5195BA61F2C824A00922BBB /* Storyboards */,
				A5195BA51F2C823200922BBB /* Resources */,
				A5195BA41F2C822B00922BBB /* Controller */,
				A5195BA31F2C822500922BBB /* View */,
				A5195BA21F2C821F00922BBB /* Model */,
				A5195B9A1F2C81C600922BBB /* Info.plist */,
			);
			path = JsonWithSwift4;
			sourceTree = "<group>";
		};
		A5195BA21F2C821F00922BBB /* Model */ = {
			isa = PBXGroup;
			children = (
				A5195BAB1F2C84FB00922BBB /* JsonExampleOne.swift */,
				A510E4991F30CD41001BCBBD /* JsonExampleThree.swift */,
				A547826E1F31039F00EF4258 /* Movie.swift */,
				A54782701F310A2900EF4258 /* Asset.swift */,
				A52504021F335B2A00D7CCB0 /* Video.swift */,
				A52504041F335C3F00D7CCB0 /* Download.swift */,
			);
			path = Model;
			sourceTree = "<group>";
		};
		A5195BA31F2C822500922BBB /* View */ = {
			isa = PBXGroup;
			children = (
			);
			path = View;
			sourceTree = "<group>";
		};
		A5195BA41F2C822B00922BBB /* Controller */ = {
			isa = PBXGroup;
			children = (
				A5195BA71F2C829100922BBB /* MainVC.swift */,
				A5195BAD1F2C878000922BBB /* JsonExampleOnTVC.swift */,
				A510E4951F30C889001BCBBD /* JsonExampleTwoTVC.swift */,
				A510E4971F30CCD1001BCBBD /* JsonExampleThreeTVC.swift */,
				A547826C1F31030F00EF4258 /* JsonMovieTVC.swift */,
				A54782721F31117700EF4258 /* MovieVC.swift */,
				A52504081F335F8200D7CCB0 /* MovieVC+URLSessionDelegate.swift */,
			);
			path = Controller;
			sourceTree = "<group>";
		};
		A5195BA51F2C823200922BBB /* Resources */ = {
			isa = PBXGroup;
			children = (
				A5195B8E1F2C81C600922BBB /* AppDelegate.swift */,
				A5195B951F2C81C600922BBB /* Assets.xcassets */,
				A5195BA91F2C83B100922BBB /* Constants.swift */,
				A52504061F335D4C00D7CCB0 /* DownloadService.swift */,
			);
			path = Resources;
			sourceTree = "<group>";
		};
		A5195BA61F2C824A00922BBB /* Storyboards */ = {
			isa = PBXGroup;
			children = (
				A5195B971F2C81C600922BBB /* LaunchScreen.storyboard */,
				A5195BA01F2C821900922BBB /* Main.storyboard */,
			);
			path = Storyboards;
			sourceTree = "<group>";
		};
/* End PBXGroup section */

/* Begin PBXNativeTarget section */
		A5195B8A1F2C81C600922BBB /* JsonWithSwift4 */ = {
			isa = PBXNativeTarget;
			buildConfigurationList = A5195B9D1F2C81C600922BBB /* Build configuration list for PBXNativeTarget "JsonWithSwift4" */;
			buildPhases = (
				A5195B871F2C81C600922BBB /* Sources */,
				A5195B881F2C81C600922BBB /* Frameworks */,
				A5195B891F2C81C600922BBB /* Resources */,
			);
			buildRules = (
			);
			dependencies = (
			);
			name = JsonWithSwift4;
			productName = JsonWithSwift4;
			productReference = A5195B8B1F2C81C600922BBB /* JsonWithSwift4.app */;
			productType = "com.apple.product-type.application";
		};
/* End PBXNativeTarget section */

/* Begin PBXProject section */
		A5195B831F2C81C600922BBB /* Project object */ = {
			isa = PBXProject;
			attributes = {
				LastSwiftUpdateCheck = 0900;
				LastUpgradeCheck = 0900;
				ORGANIZATIONNAME = tben;
				TargetAttributes = {
					A5195B8A1F2C81C600922BBB = {
						CreatedOnToolsVersion = 9.0;
					};
				};
			};
			buildConfigurationList = A5195B861F2C81C600922BBB /* Build configuration list for PBXProject "JsonWithSwift4" */;
			compatibilityVersion = "Xcode 8.0";
			developmentRegion = en;
			hasScannedForEncodings = 0;
			knownRegions = (
				en,
				Base,
			);
			mainGroup = A5195B821F2C81C600922BBB;
			productRefGroup = A5195B8C1F2C81C600922BBB /* Products */;
			projectDirPath = "";
			projectRoot = "";
			targets = (
				A5195B8A1F2C81C600922BBB /* JsonWithSwift4 */,
			);
		};
/* End PBXProject section */

/* Begin PBXResourcesBuildPhase section */
		A5195B891F2C81C600922BBB /* Resources */ = {
			isa = PBXResourcesBuildPhase;
			buildActionMask = 2147483647;
			files = (
				A5195BA11F2C821900922BBB /* Main.storyboard in Resources */,
				A5195B991F2C81C600922BBB /* LaunchScreen.storyboard in Resources */,
				A5195B961F2C81C600922BBB /* Assets.xcassets in Resources */,
			);
			runOnlyForDeploymentPostprocessing = 0;
		};
/* End PBXResourcesBuildPhase section */

/* Begin PBXSourcesBuildPhase section */
		A5195B871F2C81C600922BBB /* Sources */ = {
			isa = PBXSourcesBuildPhase;
			buildActionMask = 2147483647;
			files = (
				A5195B8F1F2C81C600922BBB /* AppDelegate.swift in Sources */,
				A54782711F310A2900EF4258 /* Asset.swift in Sources */,
				A52504091F335F8200D7CCB0 /* MovieVC+URLSessionDelegate.swift in Sources */,
				A510E4981F30CCD1001BCBBD /* JsonExampleThreeTVC.swift in Sources */,
				A547826D1F31030F00EF4258 /* JsonMovieTVC.swift in Sources */,
				A510E4961F30C889001BCBBD /* JsonExampleTwoTVC.swift in Sources */,
				A52504071F335D4C00D7CCB0 /* DownloadService.swift in Sources */,
				A52504051F335C3F00D7CCB0 /* Download.swift in Sources */,
				A547826F1F31039F00EF4258 /* Movie.swift in Sources */,
				A5195BAE1F2C878000922BBB /* JsonExampleOnTVC.swift in Sources */,
				A5195BA81F2C829100922BBB /* MainVC.swift in Sources */,
				A5195BAA1F2C83B100922BBB /* Constants.swift in Sources */,
				A52504031F335B2A00D7CCB0 /* Video.swift in Sources */,
				A54782731F31117700EF4258 /* MovieVC.swift in Sources */,
				A5195BAC1F2C84FB00922BBB /* JsonExampleOne.swift in Sources */,
				A510E49A1F30CD41001BCBBD /* JsonExampleThree.swift in Sources */,
			);
			runOnlyForDeploymentPostprocessing = 0;
		};
/* End PBXSourcesBuildPhase section */

/* Begin PBXVariantGroup section */
		A5195B971F2C81C600922BBB /* LaunchScreen.storyboard */ = {
			isa = PBXVariantGroup;
			children = (
				A5195B981F2C81C600922BBB /* Base */,
			);
			name = LaunchScreen.storyboard;
			sourceTree = "<group>";
		};
/* End PBXVariantGroup section */

/* Begin XCBuildConfiguration section */
		A5195B9B1F2C81C600922BBB /* Debug */ = {
			isa = XCBuildConfiguration;
			buildSettings = {
				ALWAYS_SEARCH_USER_PATHS = NO;
				CLANG_ANALYZER_NONNULL = YES;
				CLANG_ANALYZER_NUMBER_OBJECT_CONVERSION = YES_AGGRESSIVE;
				CLANG_CXX_LANGUAGE_STANDARD = "gnu++14";
				CLANG_CXX_LIBRARY = "libc++";
				CLANG_ENABLE_MODULES = YES;
				CLANG_ENABLE_OBJC_ARC = YES;
				CLANG_WARN_BLOCK_CAPTURE_AUTORELEASING = YES;
				CLANG_WARN_BOOL_CONVERSION = YES;
				CLANG_WARN_COMMA = YES;
				CLANG_WARN_CONSTANT_CONVERSION = YES;
				CLANG_WARN_DIRECT_OBJC_ISA_USAGE = YES_ERROR;
				CLANG_WARN_DOCUMENTATION_COMMENTS = YES;
				CLANG_WARN_EMPTY_BODY = YES;
				CLANG_WARN_ENUM_CONVERSION = YES;
				CLANG_WARN_INFINITE_RECURSION = YES;
				CLANG_WARN_INT_CONVERSION = YES;
				CLANG_WARN_NON_LITERAL_NULL_CONVERSION = YES;
				CLANG_WARN_OBJC_LITERAL_CONVERSION = YES;
				CLANG_WARN_OBJC_ROOT_CLASS = YES_ERROR;
				CLANG_WARN_RANGE_LOOP_ANALYSIS = YES;
				CLANG_WARN_STRICT_PROTOTYPES = YES;
				CLANG_WARN_SUSPICIOUS_MOVE = YES;
				CLANG_WARN_UNGUARDED_AVAILABILITY = YES_AGGRESSIVE;
				CLANG_WARN_UNREACHABLE_CODE = YES;
				CLANG_WARN__DUPLICATE_METHOD_MATCH = YES;
				CODE_SIGN_IDENTITY = "iPhone Developer";
				COPY_PHASE_STRIP = NO;
				DEBUG_INFORMATION_FORMAT = dwarf;
				ENABLE_STRICT_OBJC_MSGSEND = YES;
				ENABLE_TESTABILITY = YES;
				GCC_C_LANGUAGE_STANDARD = gnu11;
				GCC_DYNAMIC_NO_PIC = NO;
				GCC_NO_COMMON_BLOCKS = YES;
				GCC_OPTIMIZATION_LEVEL = 0;
				GCC_PREPROCESSOR_DEFINITIONS = (
					"DEBUG=1",
					"$(inherited)",
				);
				GCC_WARN_64_TO_32_BIT_CONVERSION = YES;
				GCC_WARN_ABOUT_RETURN_TYPE = YES_ERROR;
				GCC_WARN_UNDECLARED_SELECTOR = YES;
				GCC_WARN_UNINITIALIZED_AUTOS = YES_AGGRESSIVE;
				GCC_WARN_UNUSED_FUNCTION = YES;
				GCC_WARN_UNUSED_VARIABLE = YES;
				IPHONEOS_DEPLOYMENT_TARGET = 11.0;
				MTL_ENABLE_DEBUG_INFO = YES;
				ONLY_ACTIVE_ARCH = YES;
				SDKROOT = iphoneos;
				SWIFT_ACTIVE_COMPILATION_CONDITIONS = DEBUG;
				SWIFT_OPTIMIZATION_LEVEL = "-Onone";
			};
			name = Debug;
		};
		A5195B9C1F2C81C600922BBB /* Release */ = {
			isa = XCBuildConfiguration;
			buildSettings = {
				ALWAYS_SEARCH_USER_PATHS = NO;
				CLANG_ANALYZER_NONNULL = YES;
				CLANG_ANALYZER_NUMBER_OBJECT_CONVERSION = YES_AGGRESSIVE;
				CLANG_CXX_LANGUAGE_STANDARD = "gnu++14";
				CLANG_CXX_LIBRARY = "libc++";
				CLANG_ENABLE_MODULES = YES;
				CLANG_ENABLE_OBJC_ARC = YES;
				CLANG_WARN_BLOCK_CAPTURE_AUTORELEASING = YES;
				CLANG_WARN_BOOL_CONVERSION = YES;
				CLANG_WARN_COMMA = YES;
				CLANG_WARN_CONSTANT_CONVERSION = YES;
				CLANG_WARN_DIRECT_OBJC_ISA_USAGE = YES_ERROR;
				CLANG_WARN_DOCUMENTATION_COMMENTS = YES;
				CLANG_WARN_EMPTY_BODY = YES;
				CLANG_WARN_ENUM_CONVERSION = YES;
				CLANG_WARN_INFINITE_RECURSION = YES;
				CLANG_WARN_INT_CONVERSION = YES;
				CLANG_WARN_NON_LITERAL_NULL_CONVERSION = YES;
				CLANG_WARN_OBJC_LITERAL_CONVERSION = YES;
				CLANG_WARN_OBJC_ROOT_CLASS = YES_ERROR;
				CLANG_WARN_RANGE_LOOP_ANALYSIS = YES;
				CLANG_WARN_STRICT_PROTOTYPES = YES;
				CLANG_WARN_SUSPICIOUS_MOVE = YES;
				CLANG_WARN_UNGUARDED_AVAILABILITY = YES_AGGRESSIVE;
				CLANG_WARN_UNREACHABLE_CODE = YES;
				CLANG_WARN__DUPLICATE_METHOD_MATCH = YES;
				CODE_SIGN_IDENTITY = "iPhone Developer";
				COPY_PHASE_STRIP = NO;
				DEBUG_INFORMATION_FORMAT = "dwarf-with-dsym";
				ENABLE_NS_ASSERTIONS = NO;
				ENABLE_STRICT_OBJC_MSGSEND = YES;
				GCC_C_LANGUAGE_STANDARD = gnu11;
				GCC_NO_COMMON_BLOCKS = YES;
				GCC_WARN_64_TO_32_BIT_CONVERSION = YES;
				GCC_WARN_ABOUT_RETURN_TYPE = YES_ERROR;
				GCC_WARN_UNDECLARED_SELECTOR = YES;
				GCC_WARN_UNINITIALIZED_AUTOS = YES_AGGRESSIVE;
				GCC_WARN_UNUSED_FUNCTION = YES;
				GCC_WARN_UNUSED_VARIABLE = YES;
				IPHONEOS_DEPLOYMENT_TARGET = 11.0;
				MTL_ENABLE_DEBUG_INFO = NO;
				SDKROOT = iphoneos;
				SWIFT_OPTIMIZATION_LEVEL = "-Owholemodule";
				VALIDATE_PRODUCT = YES;
			};
			name = Release;
		};
		A5195B9E1F2C81C600922BBB /* Debug */ = {
			isa = XCBuildConfiguration;
			buildSettings = {
				ASSETCATALOG_COMPILER_APPICON_NAME = AppIcon;
				DEVELOPMENT_TEAM = QZ9HJWSALS;
				INFOPLIST_FILE = JsonWithSwift4/Info.plist;
				LD_RUNPATH_SEARCH_PATHS = "$(inherited) @executable_path/Frameworks";
				PRODUCT_BUNDLE_IDENTIFIER = net.tben.JsonWithSwift4;
				PRODUCT_NAME = "$(TARGET_NAME)";
				SWIFT_VERSION = 4.0;
				TARGETED_DEVICE_FAMILY = "1,2";
			};
			name = Debug;
		};
		A5195B9F1F2C81C600922BBB /* Release */ = {
			isa = XCBuildConfiguration;
			buildSettings = {
				ASSETCATALOG_COMPILER_APPICON_NAME = AppIcon;
				DEVELOPMENT_TEAM = QZ9HJWSALS;
				INFOPLIST_FILE = JsonWithSwift4/Info.plist;
				LD_RUNPATH_SEARCH_PATHS = "$(inherited) @executable_path/Frameworks";
				PRODUCT_BUNDLE_IDENTIFIER = net.tben.JsonWithSwift4;
				PRODUCT_NAME = "$(TARGET_NAME)";
				SWIFT_VERSION = 4.0;
				TARGETED_DEVICE_FAMILY = "1,2";
			};
			name = Release;
		};
/* End XCBuildConfiguration section */

/* Begin XCConfigurationList section */
		A5195B861F2C81C600922BBB /* Build configuration list for PBXProject "JsonWithSwift4" */ = {
			isa = XCConfigurationList;
			buildConfigurations = (
				A5195B9B1F2C81C600922BBB /* Debug */,
				A5195B9C1F2C81C600922BBB /* Release */,
			);
			defaultConfigurationIsVisible = 0;
			defaultConfigurationName = Release;
		};
		A5195B9D1F2C81C600922BBB /* Build configuration list for PBXNativeTarget "JsonWithSwift4" */ = {
			isa = XCConfigurationList;
			buildConfigurations = (
				A5195B9E1F2C81C600922BBB /* Debug */,
				A5195B9F1F2C81C600922BBB /* Release */,
			);
			defaultConfigurationIsVisible = 0;
			defaultConfigurationName = Release;
		};
/* End XCConfigurationList section */
	};
	rootObject = A5195B831F2C81C600922BBB /* Project object */;
}
